
Microsoft Visual Studio Solution File, Format Version 12.00
# Visual Studio Version 17
VisualStudioVersion = 17.6.33815.320
MinimumVisualStudioVersion = 10.0.40219.1
Project("{9A19103F-16F7-4668-BE54-9A1E7A4F7556}") = "01-Singleton Design Pattern", "01-Singleton Design Pattern\01-Singleton Design Pattern.csproj", "{0CE0C4E5-2884-4687-BAAB-DD04C0BA9747}"
EndProject
Project("{9A19103F-16F7-4668-BE54-9A1E7A4F7556}") = "02-Singleton Design Pattern - Asp.NET Core", "02-Singleton Design Pattern - Asp.NET Core\02-Singleton Design Pattern - Asp.NET Core.csproj", "{8DD06E87-81C0-4E08-8D86-9C72924A148F}"
EndProject
Project("{9A19103F-16F7-4668-BE54-9A1E7A4F7556}") = "03-Singleton Design Pattern  - Asenkron Süreçte Örneklendirme", "03-Singleton Design Pattern  - Asenkron Süreçte Örneklendirme\03-Singleton Design Pattern  - Asenkron Süreçte Örneklendirme.csproj", "{15D52329-0104-4B34-B901-DADB7A4938E0}"
EndProject
Project("{9A19103F-16F7-4668-BE54-9A1E7A4F7556}") = "04 - Multiton Design Pattern", "04 - Multiton Design Pattern\04 - Multiton Design Pattern.csproj", "{148F2081-13C3-479F-823A-16C34E383EA9}"
EndProject
Project("{9A19103F-16F7-4668-BE54-9A1E7A4F7556}") = "05-Factory Method Design Pattern - Factory Yöntemi", "05-Factory Method Design Pattern - Factory Yöntemi\05-Factory Method Design Pattern - Factory Yöntemi.csproj", "{B63A10E1-5561-43D7-B653-DD5FDB6C02A6}"
EndProject
Project("{9A19103F-16F7-4668-BE54-9A1E7A4F7556}") = "06-Factory Method Design Pattern  - Factory Method Yöntemi", "06-Factory Method Design Pattern  - Factory Method Yöntemi\06-Factory Method Design Pattern  - Factory Method Yöntemi.csproj", "{A6B9C8C9-28BC-4937-AF15-AEFA4EF92404}"
EndProject
Project("{9A19103F-16F7-4668-BE54-9A1E7A4F7556}") = "07-Factory Method Design Pattern - Alt Factory Sınıfları İle Örneklendirme", "07-Factory Method Design Pattern - Alt Factory Sınıfları İle Örneklendirme\07-Factory Method Design Pattern - Alt Factory Sınıfları İle Örneklendirme.csproj", "{31C2D06F-283E-4689-93C9-C039F87EAD41}"
EndProject
Project("{9A19103F-16F7-4668-BE54-9A1E7A4F7556}") = "08-FMDP - Product'ları Singleton Pattern İle Tekilleştirme Örneği", "08-FMDP - Product'ları Singleton Pattern İle Tekilleştirme Örneği\08-FMDP - Product'ları Singleton Pattern İle Tekilleştirme Örneği.csproj", "{18D44BFC-46B3-400B-B13E-2749FFFBECE8}"
EndProject
Project("{9A19103F-16F7-4668-BE54-9A1E7A4F7556}") = "09-FMDP-Creator İçerisindeki Nesne Bağımlılığını Ortadan Kaldırma", "09-FMDP-Creator İçerisindeki Nesne Bağımlılığını Ortadan Kaldırma\09-FMDP-Creator İçerisindeki Nesne Bağımlılığını Ortadan Kaldırma.csproj", "{64D6B77A-9A80-4B81-A2C6-929F0BDDC2C0}"
EndProject
Project("{9A19103F-16F7-4668-BE54-9A1E7A4F7556}") = "10-Abstract Factory Design Pattern  - Pratik", "10-Abstract Factory Design Pattern  - Pratik\10-Abstract Factory Design Pattern  - Pratik.csproj", "{1A3010E1-1FD9-4350-B092-47CD6095EA2A}"
EndProject
Project("{9A19103F-16F7-4668-BE54-9A1E7A4F7556}") = "11-AFDP- Factory Method Pattern İle Factory'leri Üretme", "11-AFDP- Factory Method Pattern İle Factory'leri Üretme\11-AFDP- Factory Method Pattern İle Factory'leri Üretme.csproj", "{A36F929D-C19A-4F41-849D-FB08C5BE1AD3}"
EndProject
Project("{9A19103F-16F7-4668-BE54-9A1E7A4F7556}") = "12-Abstract Factory Design Pattern - 1.Örneklendirme", "12-Abstract Factory Design Pattern - 1.Örneklendirme\12-Abstract Factory Design Pattern - 1.Örneklendirme.csproj", "{4AD4FCDD-4110-47DC-9182-09F20BAFAFEA}"
EndProject
Project("{9A19103F-16F7-4668-BE54-9A1E7A4F7556}") = "13-Abstract Factory Design Pattern - 2.Örneklendirme", "13-Abstract Factory Design Pattern - 2.Örneklendirme\13-Abstract Factory Design Pattern - 2.Örneklendirme.csproj", "{7AA029DF-C0FC-4CE3-9ABF-63ADEFDBCB8F}"
EndProject
Project("{FAE04EC0-301F-11D3-BF4B-00C04F79EFBC}") = "14-Prototype Design Pattern 1", "14-Prototype Design Pattern 1\14-Prototype Design Pattern 1.csproj", "{E3C8AFDF-7849-4645-A7C0-05F90A8F9596}"
EndProject
Project("{FAE04EC0-301F-11D3-BF4B-00C04F79EFBC}") = "15-Prototype Design Pattern 2", "15-Prototype Design Pattern 2\15-Prototype Design Pattern 2.csproj", "{6AA66509-244C-4DB9-942B-E932558C14CE}"
EndProject
Global
	GlobalSection(SolutionConfigurationPlatforms) = preSolution
		Debug|Any CPU = Debug|Any CPU
		Release|Any CPU = Release|Any CPU
	EndGlobalSection
	GlobalSection(ProjectConfigurationPlatforms) = postSolution
		{0CE0C4E5-2884-4687-BAAB-DD04C0BA9747}.Debug|Any CPU.ActiveCfg = Debug|Any CPU
		{0CE0C4E5-2884-4687-BAAB-DD04C0BA9747}.Debug|Any CPU.Build.0 = Debug|Any CPU
		{0CE0C4E5-2884-4687-BAAB-DD04C0BA9747}.Release|Any CPU.ActiveCfg = Release|Any CPU
		{0CE0C4E5-2884-4687-BAAB-DD04C0BA9747}.Release|Any CPU.Build.0 = Release|Any CPU
		{8DD06E87-81C0-4E08-8D86-9C72924A148F}.Debug|Any CPU.ActiveCfg = Debug|Any CPU
		{8DD06E87-81C0-4E08-8D86-9C72924A148F}.Debug|Any CPU.Build.0 = Debug|Any CPU
		{8DD06E87-81C0-4E08-8D86-9C72924A148F}.Release|Any CPU.ActiveCfg = Release|Any CPU
		{8DD06E87-81C0-4E08-8D86-9C72924A148F}.Release|Any CPU.Build.0 = Release|Any CPU
		{15D52329-0104-4B34-B901-DADB7A4938E0}.Debug|Any CPU.ActiveCfg = Debug|Any CPU
		{15D52329-0104-4B34-B901-DADB7A4938E0}.Debug|Any CPU.Build.0 = Debug|Any CPU
		{15D52329-0104-4B34-B901-DADB7A4938E0}.Release|Any CPU.ActiveCfg = Release|Any CPU
		{15D52329-0104-4B34-B901-DADB7A4938E0}.Release|Any CPU.Build.0 = Release|Any CPU
		{148F2081-13C3-479F-823A-16C34E383EA9}.Debug|Any CPU.ActiveCfg = Debug|Any CPU
		{148F2081-13C3-479F-823A-16C34E383EA9}.Debug|Any CPU.Build.0 = Debug|Any CPU
		{148F2081-13C3-479F-823A-16C34E383EA9}.Release|Any CPU.ActiveCfg = Release|Any CPU
		{148F2081-13C3-479F-823A-16C34E383EA9}.Release|Any CPU.Build.0 = Release|Any CPU
		{B63A10E1-5561-43D7-B653-DD5FDB6C02A6}.Debug|Any CPU.ActiveCfg = Debug|Any CPU
		{B63A10E1-5561-43D7-B653-DD5FDB6C02A6}.Debug|Any CPU.Build.0 = Debug|Any CPU
		{B63A10E1-5561-43D7-B653-DD5FDB6C02A6}.Release|Any CPU.ActiveCfg = Release|Any CPU
		{B63A10E1-5561-43D7-B653-DD5FDB6C02A6}.Release|Any CPU.Build.0 = Release|Any CPU
		{A6B9C8C9-28BC-4937-AF15-AEFA4EF92404}.Debug|Any CPU.ActiveCfg = Debug|Any CPU
		{A6B9C8C9-28BC-4937-AF15-AEFA4EF92404}.Debug|Any CPU.Build.0 = Debug|Any CPU
		{A6B9C8C9-28BC-4937-AF15-AEFA4EF92404}.Release|Any CPU.ActiveCfg = Release|Any CPU
		{A6B9C8C9-28BC-4937-AF15-AEFA4EF92404}.Release|Any CPU.Build.0 = Release|Any CPU
		{31C2D06F-283E-4689-93C9-C039F87EAD41}.Debug|Any CPU.ActiveCfg = Debug|Any CPU
		{31C2D06F-283E-4689-93C9-C039F87EAD41}.Debug|Any CPU.Build.0 = Debug|Any CPU
		{31C2D06F-283E-4689-93C9-C039F87EAD41}.Release|Any CPU.ActiveCfg = Release|Any CPU
		{31C2D06F-283E-4689-93C9-C039F87EAD41}.Release|Any CPU.Build.0 = Release|Any CPU
		{18D44BFC-46B3-400B-B13E-2749FFFBECE8}.Debug|Any CPU.ActiveCfg = Debug|Any CPU
		{18D44BFC-46B3-400B-B13E-2749FFFBECE8}.Debug|Any CPU.Build.0 = Debug|Any CPU
		{18D44BFC-46B3-400B-B13E-2749FFFBECE8}.Release|Any CPU.ActiveCfg = Release|Any CPU
		{18D44BFC-46B3-400B-B13E-2749FFFBECE8}.Release|Any CPU.Build.0 = Release|Any CPU
		{64D6B77A-9A80-4B81-A2C6-929F0BDDC2C0}.Debug|Any CPU.ActiveCfg = Debug|Any CPU
		{64D6B77A-9A80-4B81-A2C6-929F0BDDC2C0}.Debug|Any CPU.Build.0 = Debug|Any CPU
		{64D6B77A-9A80-4B81-A2C6-929F0BDDC2C0}.Release|Any CPU.ActiveCfg = Release|Any CPU
		{64D6B77A-9A80-4B81-A2C6-929F0BDDC2C0}.Release|Any CPU.Build.0 = Release|Any CPU
		{1A3010E1-1FD9-4350-B092-47CD6095EA2A}.Debug|Any CPU.ActiveCfg = Debug|Any CPU
		{1A3010E1-1FD9-4350-B092-47CD6095EA2A}.Debug|Any CPU.Build.0 = Debug|Any CPU
		{1A3010E1-1FD9-4350-B092-47CD6095EA2A}.Release|Any CPU.ActiveCfg = Release|Any CPU
		{1A3010E1-1FD9-4350-B092-47CD6095EA2A}.Release|Any CPU.Build.0 = Release|Any CPU
		{A36F929D-C19A-4F41-849D-FB08C5BE1AD3}.Debug|Any CPU.ActiveCfg = Debug|Any CPU
		{A36F929D-C19A-4F41-849D-FB08C5BE1AD3}.Debug|Any CPU.Build.0 = Debug|Any CPU
		{A36F929D-C19A-4F41-849D-FB08C5BE1AD3}.Release|Any CPU.ActiveCfg = Release|Any CPU
		{A36F929D-C19A-4F41-849D-FB08C5BE1AD3}.Release|Any CPU.Build.0 = Release|Any CPU
		{4AD4FCDD-4110-47DC-9182-09F20BAFAFEA}.Debug|Any CPU.ActiveCfg = Debug|Any CPU
		{4AD4FCDD-4110-47DC-9182-09F20BAFAFEA}.Debug|Any CPU.Build.0 = Debug|Any CPU
		{4AD4FCDD-4110-47DC-9182-09F20BAFAFEA}.Release|Any CPU.ActiveCfg = Release|Any CPU
		{4AD4FCDD-4110-47DC-9182-09F20BAFAFEA}.Release|Any CPU.Build.0 = Release|Any CPU
		{7AA029DF-C0FC-4CE3-9ABF-63ADEFDBCB8F}.Debug|Any CPU.ActiveCfg = Debug|Any CPU
		{7AA029DF-C0FC-4CE3-9ABF-63ADEFDBCB8F}.Debug|Any CPU.Build.0 = Debug|Any CPU
		{7AA029DF-C0FC-4CE3-9ABF-63ADEFDBCB8F}.Release|Any CPU.ActiveCfg = Release|Any CPU
		{7AA029DF-C0FC-4CE3-9ABF-63ADEFDBCB8F}.Release|Any CPU.Build.0 = Release|Any CPU
		{E3C8AFDF-7849-4645-A7C0-05F90A8F9596}.Debug|Any CPU.ActiveCfg = Debug|Any CPU
		{E3C8AFDF-7849-4645-A7C0-05F90A8F9596}.Debug|Any CPU.Build.0 = Debug|Any CPU
		{E3C8AFDF-7849-4645-A7C0-05F90A8F9596}.Release|Any CPU.ActiveCfg = Release|Any CPU
		{E3C8AFDF-7849-4645-A7C0-05F90A8F9596}.Release|Any CPU.Build.0 = Release|Any CPU
		{6AA66509-244C-4DB9-942B-E932558C14CE}.Debug|Any CPU.ActiveCfg = Debug|Any CPU
		{6AA66509-244C-4DB9-942B-E932558C14CE}.Debug|Any CPU.Build.0 = Debug|Any CPU
		{6AA66509-244C-4DB9-942B-E932558C14CE}.Release|Any CPU.ActiveCfg = Release|Any CPU
		{6AA66509-244C-4DB9-942B-E932558C14CE}.Release|Any CPU.Build.0 = Release|Any CPU
	EndGlobalSection
	GlobalSection(SolutionProperties) = preSolution
		HideSolutionNode = FALSE
	EndGlobalSection
	GlobalSection(ExtensibilityGlobals) = postSolution
		SolutionGuid = {EF772D23-64D2-4C3B-9435-61FCFD148646}
	EndGlobalSection
EndGlobal
